
Microsoft Visual Studio Solution File, Format Version 12.00
# Visual Studio Version 17
VisualStudioVersion = 17.14.36623.8 d17.14
MinimumVisualStudioVersion = 10.0.40219.1
Project("{FAE04EC0-301F-11D3-BF4B-00C04F79EFBC}") = "Latihan_1", "Latihan_1\Latihan_1.csproj", "{DE55B1D4-6372-4ADC-B622-DF91E72FD2B1}"
EndProject
Global
	GlobalSection(SolutionConfigurationPlatforms) = preSolution
		Debug|Any CPU = Debug|Any CPU
		Release|Any CPU = Release|Any CPU
	EndGlobalSection
	GlobalSection(ProjectConfigurationPlatforms) = postSolution
		{DE55B1D4-6372-4ADC-B622-DF91E72FD2B1}.Debug|Any CPU.ActiveCfg = Debug|Any CPU
		{DE55B1D4-6372-4ADC-B622-DF91E72FD2B1}.Debug|Any CPU.Build.0 = Debug|Any CPU
		{DE55B1D4-6372-4ADC-B622-DF91E72FD2B1}.Release|Any CPU.ActiveCfg = Release|Any CPU
		{DE55B1D4-6372-4ADC-B622-DF91E72FD2B1}.Release|Any CPU.Build.0 = Release|Any CPU
	EndGlobalSection
	GlobalSection(SolutionProperties) = preSolution
		HideSolutionNode = FALSE
	EndGlobalSection
	GlobalSection(ExtensibilityGlobals) = postSolution
		SolutionGuid = {1490F424-F068-45BD-9866-CFB8F9B41861}
	EndGlobalSection
EndGlobal
