
Microsoft Visual Studio Solution File, Format Version 12.00
# Visual Studio Version 17
VisualStudioVersion = 17.14.36623.8 d17.14
MinimumVisualStudioVersion = 10.0.40219.1
Project("{FAE04EC0-301F-11D3-BF4B-00C04F79EFBC}") = "praktik_5.1", "praktik_5.1\praktik_5.1.csproj", "{C277ABC8-DD38-4835-A794-EC5DBA542282}"
EndProject
Global
	GlobalSection(SolutionConfigurationPlatforms) = preSolution
		Debug|Any CPU = Debug|Any CPU
		Release|Any CPU = Release|Any CPU
	EndGlobalSection
	GlobalSection(ProjectConfigurationPlatforms) = postSolution
		{C277ABC8-DD38-4835-A794-EC5DBA542282}.Debug|Any CPU.ActiveCfg = Debug|Any CPU
		{C277ABC8-DD38-4835-A794-EC5DBA542282}.Debug|Any CPU.Build.0 = Debug|Any CPU
		{C277ABC8-DD38-4835-A794-EC5DBA542282}.Release|Any CPU.ActiveCfg = Release|Any CPU
		{C277ABC8-DD38-4835-A794-EC5DBA542282}.Release|Any CPU.Build.0 = Release|Any CPU
	EndGlobalSection
	GlobalSection(SolutionProperties) = preSolution
		HideSolutionNode = FALSE
	EndGlobalSection
	GlobalSection(ExtensibilityGlobals) = postSolution
		SolutionGuid = {2464D1E9-1346-4B1E-9728-6B3497262839}
	EndGlobalSection
EndGlobal
